
Microsoft Visual Studio Solution File, Format Version 12.00
# Visual Studio Version 17
VisualStudioVersion = 17.0.31903.59
MinimumVisualStudioVersion = 10.0.40219.1
Project("{FAE04EC0-301F-11D3-BF4B-00C04F79EFBC}") = "API", "API\API.csproj", "{61CE405C-0E3F-45D3-9732-77BBE91CFA53}"
EndProject
Project("{FAE04EC0-301F-11D3-BF4B-00C04F79EFBC}") = "Application", "Application\Application.csproj", "{5D6C6A1D-0E7D-411D-8E03-1648335DEDC1}"
EndProject
Project("{FAE04EC0-301F-11D3-BF4B-00C04F79EFBC}") = "Domain", "Domain\Domain.csproj", "{276979D0-8BC6-492D-AB51-873CA94AD539}"
EndProject
Project("{FAE04EC0-301F-11D3-BF4B-00C04F79EFBC}") = "Persistence", "Persistence\Persistence.csproj", "{F2DA8392-C511-47BA-B201-AEC46135FC94}"
EndProject
Global
	GlobalSection(SolutionConfigurationPlatforms) = preSolution
		Debug|Any CPU = Debug|Any CPU
		Release|Any CPU = Release|Any CPU
	EndGlobalSection
	GlobalSection(SolutionProperties) = preSolution
		HideSolutionNode = FALSE
	EndGlobalSection
	GlobalSection(ProjectConfigurationPlatforms) = postSolution
		{61CE405C-0E3F-45D3-9732-77BBE91CFA53}.Debug|Any CPU.ActiveCfg = Debug|Any CPU
		{61CE405C-0E3F-45D3-9732-77BBE91CFA53}.Debug|Any CPU.Build.0 = Debug|Any CPU
		{61CE405C-0E3F-45D3-9732-77BBE91CFA53}.Release|Any CPU.ActiveCfg = Release|Any CPU
		{61CE405C-0E3F-45D3-9732-77BBE91CFA53}.Release|Any CPU.Build.0 = Release|Any CPU
		{5D6C6A1D-0E7D-411D-8E03-1648335DEDC1}.Debug|Any CPU.ActiveCfg = Debug|Any CPU
		{5D6C6A1D-0E7D-411D-8E03-1648335DEDC1}.Debug|Any CPU.Build.0 = Debug|Any CPU
		{5D6C6A1D-0E7D-411D-8E03-1648335DEDC1}.Release|Any CPU.ActiveCfg = Release|Any CPU
		{5D6C6A1D-0E7D-411D-8E03-1648335DEDC1}.Release|Any CPU.Build.0 = Release|Any CPU
		{276979D0-8BC6-492D-AB51-873CA94AD539}.Debug|Any CPU.ActiveCfg = Debug|Any CPU
		{276979D0-8BC6-492D-AB51-873CA94AD539}.Debug|Any CPU.Build.0 = Debug|Any CPU
		{276979D0-8BC6-492D-AB51-873CA94AD539}.Release|Any CPU.ActiveCfg = Release|Any CPU
		{276979D0-8BC6-492D-AB51-873CA94AD539}.Release|Any CPU.Build.0 = Release|Any CPU
		{F2DA8392-C511-47BA-B201-AEC46135FC94}.Debug|Any CPU.ActiveCfg = Debug|Any CPU
		{F2DA8392-C511-47BA-B201-AEC46135FC94}.Debug|Any CPU.Build.0 = Debug|Any CPU
		{F2DA8392-C511-47BA-B201-AEC46135FC94}.Release|Any CPU.ActiveCfg = Release|Any CPU
		{F2DA8392-C511-47BA-B201-AEC46135FC94}.Release|Any CPU.Build.0 = Release|Any CPU
	EndGlobalSection
EndGlobal
